<?xml version="1.0" encoding="utf-8"?>
<Project ToolsVersion="4.0" xmlns="http://schemas.microsoft.com/developer/msbuild/2003">
  <ItemGroup>
    <Filter Include="include">
      <UniqueIdentifier>{89AF369E-F58E-B539-FEA6-40106A051C9B}</UniqueIdentifier>
    </Filter>
    <Filter Include="src">
      <UniqueIdentifier>{2DAB880B-99B4-887C-2230-9F7C8E38947C}</UniqueIdentifier>
    </Filter>
    <Filter Include="src\Components">
      <UniqueIdentifier>{221ADC4D-0EE8-CF53-F77B-407AE3E8ABB8}</UniqueIdentifier>
    </Filter>
    <Filter Include="src\EventTypes">
      <UniqueIdentifier>{137F3393-FF4C-2799-E8E0-97BFD44D03FE}</UniqueIdentifier>
    </Filter>
  </ItemGroup>
  <ItemGroup>
    <ClInclude Include="include\Symbols.h">
      <Filter>include</Filter>
    </ClInclude>
    <ClInclude Include="src\Components\BroadcastComponent.h">
      <Filter>src\Components</Filter>
    </ClInclude>
    <ClInclude Include="src\Components\RecieverComponent.h">
      <Filter>src\Components</Filter>
    </ClInclude>
    <ClInclude Include="src\EnumEventType.h">
      <Filter>src</Filter>
    </ClInclude>
    <ClInclude Include="src\Event.h">
      <Filter>src</Filter>
    </ClInclude>
    <ClInclude Include="src\EventBroadcastStation.h">
      <Filter>src</Filter>
    </ClInclude>
    <ClInclude Include="src\EventTypes\CharacterCallbackEvent.h">
      <Filter>src\EventTypes</Filter>
    </ClInclude>
    <ClInclude Include="src\EventTypes\CursorPositionCallbackEvent.h">
      <Filter>src\EventTypes</Filter>
    </ClInclude>
    <ClInclude Include="src\EventTypes\KeyCallbackEvent.h">
      <Filter>src\EventTypes</Filter>
    </ClInclude>
    <ClInclude Include="src\EventTypes\MouseButtonCallbackEvent.h">
      <Filter>src\EventTypes</Filter>
    </ClInclude>
    <ClInclude Include="src\EventTypes\ScrollCallbackEvent.h">
      <Filter>src\EventTypes</Filter>
    </ClInclude>
    <ClInclude Include="src\EventTypes\TestConcreteEvent.h">
      <Filter>src\EventTypes</Filter>
    </ClInclude>
  </ItemGroup>
  <ItemGroup>
    <ClCompile Include="src\Components\BroadcastComponent.cpp">
      <Filter>src\Components</Filter>
    </ClCompile>
    <ClCompile Include="src\Components\RecieverComponent.cpp">
      <Filter>src\Components</Filter>
    </ClCompile>
    <ClCompile Include="src\Event.cpp">
      <Filter>src</Filter>
    </ClCompile>
    <ClCompile Include="src\EventBroadcastStation.cpp">
      <Filter>src</Filter>
    </ClCompile>
    <ClCompile Include="src\EventTypes\CharacterCallbackEvent.cpp">
      <Filter>src\EventTypes</Filter>
    </ClCompile>
    <ClCompile Include="src\EventTypes\CursorPositionCallbackEvent.cpp">
      <Filter>src\EventTypes</Filter>
    </ClCompile>
    <ClCompile Include="src\EventTypes\KeyCallbackEvent.cpp">
      <Filter>src\EventTypes</Filter>
    </ClCompile>
    <ClCompile Include="src\EventTypes\MouseButtonCallbackEvent.cpp">
      <Filter>src\EventTypes</Filter>
    </ClCompile>
    <ClCompile Include="src\EventTypes\ScrollCallbackEvent.cpp">
      <Filter>src\EventTypes</Filter>
    </ClCompile>
    <ClCompile Include="src\EventTypes\TestConcreteEvent.cpp">
      <Filter>src\EventTypes</Filter>
    </ClCompile>
  </ItemGroup>
</Project>